<?xml version="1.0" encoding="utf-8"?>
<Project ToolsVersion="4.0" xmlns="http://schemas.microsoft.com/developer/msbuild/2003">
  <ItemGroup>
    <Filter Include="소스 파일">
      <UniqueIdentifier>{4FC737F1-C7A5-4376-A066-2A32D752A2FF}</UniqueIdentifier>
      <Extensions>cpp;c;cc;cxx;c++;cppm;ixx;def;odl;idl;hpj;bat;asm;asmx</Extensions>
    </Filter>
    <Filter Include="헤더 파일">
      <UniqueIdentifier>{93995380-89BD-4b04-88EB-625FBE52EBFB}</UniqueIdentifier>
      <Extensions>h;hh;hpp;hxx;h++;hm;inl;inc;ipp;xsd</Extensions>
    </Filter>
    <Filter Include="리소스 파일">
      <UniqueIdentifier>{67DA6AB6-F800-4c08-8B7A-83BB121AAD01}</UniqueIdentifier>
      <Extensions>rc;ico;cur;bmp;dlg;rc2;rct;bin;rgs;gif;jpg;jpeg;jpe;resx;tiff;tif;png;wav;mfcribbon-ms</Extensions>
    </Filter>
  </ItemGroup>
  <ItemGroup>
    <ClCompile Include="Main.cpp">
      <Filter>소스 파일</Filter>
    </ClCompile>
    <ClCompile Include="EvaluateSatisfactionUI.cpp">
      <Filter>소스 파일</Filter>
    </ClCompile>
    <ClCompile Include="Item.cpp">
      <Filter>소스 파일</Filter>
    </ClCompile>
    <ClCompile Include="ItemList.cpp">
      <Filter>소스 파일</Filter>
    </ClCompile>
    <ClCompile Include="ItemRegistrationUI.cpp">
      <Filter>소스 파일</Filter>
    </ClCompile>
    <ClCompile Include="ShowPurchaseListUI.cpp">
      <Filter>소스 파일</Filter>
    </ClCompile>
    <ClCompile Include="PurchaseItemUI.cpp">
      <Filter>소스 파일</Filter>
    </ClCompile>
    <ClCompile Include="PurchaseItem.cpp">
      <Filter>소스 파일</Filter>
    </ClCompile>
    <ClCompile Include="ItemInfoSearchUI.cpp">
      <Filter>소스 파일</Filter>
    </ClCompile>
    <ClCompile Include="PrintStatisticsUI.cpp">
      <Filter>소스 파일</Filter>
    </ClCompile>
    <ClCompile Include="ShowSoldItemsUI.cpp">
      <Filter>소스 파일</Filter>
    </ClCompile>
    <ClCompile Include="ShowMyitemsUI.cpp">
      <Filter>소스 파일</Filter>
    </ClCompile>
    <ClCompile Include="LogIn.cpp">
      <Filter>소스 파일</Filter>
    </ClCompile>
    <ClCompile Include="..\..\github\hongikSoftwareEngineering22_1_Team20\Implementation\LogOut.cpp">
      <Filter>소스 파일</Filter>
    </ClCompile>
    <ClCompile Include="..\..\github\hongikSoftwareEngineering22_1_Team20\Implementation\MemberList.cpp">
      <Filter>소스 파일</Filter>
    </ClCompile>
    <ClCompile Include="..\..\github\hongikSoftwareEngineering22_1_Team20\Implementation\Secession.cpp">
      <Filter>소스 파일</Filter>
    </ClCompile>
    <ClCompile Include="..\..\github\hongikSoftwareEngineering22_1_Team20\Implementation\SignUp.cpp">
      <Filter>소스 파일</Filter>
    </ClCompile>
    <ClCompile Include="..\..\github\hongikSoftwareEngineering22_1_Team20\Implementation\Member.cpp">
      <Filter>소스 파일</Filter>
    </ClCompile>
  </ItemGroup>
  <ItemGroup>
    <ClInclude Include="Main.h">
      <Filter>헤더 파일</Filter>
    </ClInclude>
    <ClInclude Include="EvaluateSatisfactionUI.h">
      <Filter>헤더 파일</Filter>
    </ClInclude>
    <ClInclude Include="EvaluateSatisfaction.h">
      <Filter>헤더 파일</Filter>
    </ClInclude>
    <ClInclude Include="Item.h">
      <Filter>헤더 파일</Filter>
    </ClInclude>
    <ClInclude Include="ItemList.h">
      <Filter>헤더 파일</Filter>
    </ClInclude>
    <ClInclude Include="ItemRegistration.h">
      <Filter>헤더 파일</Filter>
    </ClInclude>
    <ClInclude Include="ItemRegistrationUI.h">
      <Filter>헤더 파일</Filter>
    </ClInclude>
    <ClInclude Include="ShowPurchaseList.h">
      <Filter>헤더 파일</Filter>
    </ClInclude>
    <ClInclude Include="ShowPurchaseListUI.h">
      <Filter>헤더 파일</Filter>
    </ClInclude>
    <ClInclude Include="PurchaseItemUI.h">
      <Filter>헤더 파일</Filter>
    </ClInclude>
    <ClInclude Include="PurchaseItem.h">
      <Filter>헤더 파일</Filter>
    </ClInclude>
    <ClInclude Include="ItemInfoSearchUI.h">
      <Filter>헤더 파일</Filter>
    </ClInclude>
    <ClInclude Include="ItemInfoSearch.h">
      <Filter>헤더 파일</Filter>
    </ClInclude>
    <ClInclude Include="PrintStatisticsUI.h">
      <Filter>헤더 파일</Filter>
    </ClInclude>
    <ClInclude Include="PrintStatistics.h">
      <Filter>헤더 파일</Filter>
    </ClInclude>
    <ClInclude Include="ShowSoldItemsUI.h">
      <Filter>헤더 파일</Filter>
    </ClInclude>
    <ClInclude Include="ShowSoldItems.h">
      <Filter>헤더 파일</Filter>
    </ClInclude>
    <ClInclude Include="ShowMyitemsUI.h">
      <Filter>헤더 파일</Filter>
    </ClInclude>
    <ClInclude Include="ShowMyitems.h">
      <Filter>헤더 파일</Filter>
    </ClInclude>
    <ClInclude Include="Header.h">
      <Filter>헤더 파일</Filter>
    </ClInclude>
  </ItemGroup>
</Project>